// !$*UTF8*$!
{
	archiveVersion = 1;
	classes = {
	};
	objectVersion = 56;
	objects = {

/* Begin PBXBuildFile section */
		CE2E66F72D7B4F4800DF27D7 /* TextFieldCell.swift in Sources */ = {isa = PBXBuildFile; fileRef = CE2E66F62D7B4F4800DF27D7 /* TextFieldCell.swift */; };
		CE2E66F92D7B747C00DF27D7 /* TableViewCell.swift in Sources */ = {isa = PBXBuildFile; fileRef = CE2E66F82D7B747C00DF27D7 /* TableViewCell.swift */; };
		CE2E66FD2D7C9A8900DF27D7 /* Section.swift in Sources */ = {isa = PBXBuildFile; fileRef = CE2E66FC2D7C9A8900DF27D7 /* Section.swift */; };
		CE2E66FF2D7C9AB000DF27D7 /* TrackerType.swift in Sources */ = {isa = PBXBuildFile; fileRef = CE2E66FE2D7C9AB000DF27D7 /* TrackerType.swift */; };
		CE2E67022D7CB93100DF27D7 /* NewTrackerTypePresenter.swift in Sources */ = {isa = PBXBuildFile; fileRef = CE2E67012D7CB93100DF27D7 /* NewTrackerTypePresenter.swift */; };
		CE2E67042D7CC46200DF27D7 /* HabitCreatingPresenter.swift in Sources */ = {isa = PBXBuildFile; fileRef = CE2E67032D7CC46200DF27D7 /* HabitCreatingPresenter.swift */; };
		CE2E67072D7CC99E00DF27D7 /* ScheduleViewController.swift in Sources */ = {isa = PBXBuildFile; fileRef = CE2E67062D7CC99E00DF27D7 /* ScheduleViewController.swift */; };
		CE2E67092D7DFCD100DF27D7 /* SchedulePresenter.swift in Sources */ = {isa = PBXBuildFile; fileRef = CE2E67082D7DFCD100DF27D7 /* SchedulePresenter.swift */; };
		CE2E670B2D806D9700DF27D7 /* TrackerPresenter.swift in Sources */ = {isa = PBXBuildFile; fileRef = CE2E670A2D806D9700DF27D7 /* TrackerPresenter.swift */; };
		CE2E670E2D81A5B600DF27D7 /* TrackerCollectionViewCell.swift in Sources */ = {isa = PBXBuildFile; fileRef = CE2E670D2D81A5B600DF27D7 /* TrackerCollectionViewCell.swift */; };
		CE2E67122D81C7F300DF27D7 /* CategoryViewController.swift in Sources */ = {isa = PBXBuildFile; fileRef = CE2E67112D81C7F300DF27D7 /* CategoryViewController.swift */; };
		CE2E67142D81E87E00DF27D7 /* TrackerSupplementaryView.swift in Sources */ = {isa = PBXBuildFile; fileRef = CE2E67132D81E87E00DF27D7 /* TrackerSupplementaryView.swift */; };
		CE2E67162D84A34900DF27D7 /* FormatterDay.swift in Sources */ = {isa = PBXBuildFile; fileRef = CE2E67152D84A34900DF27D7 /* FormatterDay.swift */; };
		CEEF7AE82D6DEEE40047305A /* AppDelegate.swift in Sources */ = {isa = PBXBuildFile; fileRef = CEEF7AE72D6DEEE40047305A /* AppDelegate.swift */; };
		CEEF7AEA2D6DEEE40047305A /* SceneDelegate.swift in Sources */ = {isa = PBXBuildFile; fileRef = CEEF7AE92D6DEEE40047305A /* SceneDelegate.swift */; };
		CEEF7AEC2D6DEEE40047305A /* ViewController.swift in Sources */ = {isa = PBXBuildFile; fileRef = CEEF7AEB2D6DEEE40047305A /* ViewController.swift */; };
		CEEF7AF22D6DEEE40047305A /* Tracker.xcdatamodeld in Sources */ = {isa = PBXBuildFile; fileRef = CEEF7AF02D6DEEE40047305A /* Tracker.xcdatamodeld */; };
		CEEF7AF42D6DEEE70047305A /* Assets.xcassets in Resources */ = {isa = PBXBuildFile; fileRef = CEEF7AF32D6DEEE70047305A /* Assets.xcassets */; };
		CEEF7AF72D6DEEE70047305A /* Base in Resources */ = {isa = PBXBuildFile; fileRef = CEEF7AF62D6DEEE70047305A /* Base */; };
		CEEF7B022D6DEEE80047305A /* TrackerTests.swift in Sources */ = {isa = PBXBuildFile; fileRef = CEEF7B012D6DEEE80047305A /* TrackerTests.swift */; };
		CEEF7B0C2D6DEEE80047305A /* TrackerUITests.swift in Sources */ = {isa = PBXBuildFile; fileRef = CEEF7B0B2D6DEEE80047305A /* TrackerUITests.swift */; };
		CEEF7B0E2D6DEEE80047305A /* TrackerUITestsLaunchTests.swift in Sources */ = {isa = PBXBuildFile; fileRef = CEEF7B0D2D6DEEE80047305A /* TrackerUITestsLaunchTests.swift */; };
		CEEF7B1B2D6E3DB50047305A /* TabBarController.swift in Sources */ = {isa = PBXBuildFile; fileRef = CEEF7B1A2D6E3DB50047305A /* TabBarController.swift */; };
		CEEF7B1D2D6E3E570047305A /* TrackerViewController.swift in Sources */ = {isa = PBXBuildFile; fileRef = CEEF7B1C2D6E3E570047305A /* TrackerViewController.swift */; };
		CEEF7B1F2D6E3E870047305A /* StatisticsViewController.swift in Sources */ = {isa = PBXBuildFile; fileRef = CEEF7B1E2D6E3E870047305A /* StatisticsViewController.swift */; };
		CEEF7B6C2D71CFD00047305A /* Tracker.swift in Sources */ = {isa = PBXBuildFile; fileRef = CEEF7B6B2D71CFD00047305A /* Tracker.swift */; };
		CEEF7B6E2D71D7CF0047305A /* WeekDay.swift in Sources */ = {isa = PBXBuildFile; fileRef = CEEF7B6D2D71D7CF0047305A /* WeekDay.swift */; };
		CEEF7B702D71DE020047305A /* TrackerCategory.swift in Sources */ = {isa = PBXBuildFile; fileRef = CEEF7B6F2D71DE020047305A /* TrackerCategory.swift */; };
		CEEF7B722D71DE450047305A /* TrackerRecord.swift in Sources */ = {isa = PBXBuildFile; fileRef = CEEF7B712D71DE450047305A /* TrackerRecord.swift */; };
		CEEF7B742D7875D30047305A /* NewTrackerTypeViewController.swift in Sources */ = {isa = PBXBuildFile; fileRef = CEEF7B732D7875D30047305A /* NewTrackerTypeViewController.swift */; };
		CEEF7B762D7884FD0047305A /* HabitCreatingViewController.swift in Sources */ = {isa = PBXBuildFile; fileRef = CEEF7B752D7884FD0047305A /* HabitCreatingViewController.swift */; };
/* End PBXBuildFile section */

/* Begin PBXContainerItemProxy section */
		CEEF7AFE2D6DEEE80047305A /* PBXContainerItemProxy */ = {
			isa = PBXContainerItemProxy;
			containerPortal = CEEF7ADC2D6DEEE40047305A /* Project object */;
			proxyType = 1;
			remoteGlobalIDString = CEEF7AE32D6DEEE40047305A;
			remoteInfo = Tracker;
		};
		CEEF7B082D6DEEE80047305A /* PBXContainerItemProxy */ = {
			isa = PBXContainerItemProxy;
			containerPortal = CEEF7ADC2D6DEEE40047305A /* Project object */;
			proxyType = 1;
			remoteGlobalIDString = CEEF7AE32D6DEEE40047305A;
			remoteInfo = Tracker;
		};
/* End PBXContainerItemProxy section */

/* Begin PBXFileReference section */
		CE2E66F62D7B4F4800DF27D7 /* TextFieldCell.swift */ = {isa = PBXFileReference; lastKnownFileType = sourcecode.swift; path = TextFieldCell.swift; sourceTree = "<group>"; };
		CE2E66F82D7B747C00DF27D7 /* TableViewCell.swift */ = {isa = PBXFileReference; lastKnownFileType = sourcecode.swift; path = TableViewCell.swift; sourceTree = "<group>"; };
		CE2E66FC2D7C9A8900DF27D7 /* Section.swift */ = {isa = PBXFileReference; lastKnownFileType = sourcecode.swift; path = Section.swift; sourceTree = "<group>"; };
		CE2E66FE2D7C9AB000DF27D7 /* TrackerType.swift */ = {isa = PBXFileReference; lastKnownFileType = sourcecode.swift; path = TrackerType.swift; sourceTree = "<group>"; };
		CE2E67012D7CB93100DF27D7 /* NewTrackerTypePresenter.swift */ = {isa = PBXFileReference; lastKnownFileType = sourcecode.swift; path = NewTrackerTypePresenter.swift; sourceTree = "<group>"; };
		CE2E67032D7CC46200DF27D7 /* HabitCreatingPresenter.swift */ = {isa = PBXFileReference; lastKnownFileType = sourcecode.swift; path = HabitCreatingPresenter.swift; sourceTree = "<group>"; };
		CE2E67062D7CC99E00DF27D7 /* ScheduleViewController.swift */ = {isa = PBXFileReference; lastKnownFileType = sourcecode.swift; path = ScheduleViewController.swift; sourceTree = "<group>"; };
		CE2E67082D7DFCD100DF27D7 /* SchedulePresenter.swift */ = {isa = PBXFileReference; lastKnownFileType = sourcecode.swift; path = SchedulePresenter.swift; sourceTree = "<group>"; };
		CE2E670A2D806D9700DF27D7 /* TrackerPresenter.swift */ = {isa = PBXFileReference; lastKnownFileType = sourcecode.swift; path = TrackerPresenter.swift; sourceTree = "<group>"; };
		CE2E670D2D81A5B600DF27D7 /* TrackerCollectionViewCell.swift */ = {isa = PBXFileReference; lastKnownFileType = sourcecode.swift; path = TrackerCollectionViewCell.swift; sourceTree = "<group>"; };
		CE2E67112D81C7F300DF27D7 /* CategoryViewController.swift */ = {isa = PBXFileReference; lastKnownFileType = sourcecode.swift; path = CategoryViewController.swift; sourceTree = "<group>"; };
		CE2E67132D81E87E00DF27D7 /* TrackerSupplementaryView.swift */ = {isa = PBXFileReference; lastKnownFileType = sourcecode.swift; path = TrackerSupplementaryView.swift; sourceTree = "<group>"; };
		CE2E67152D84A34900DF27D7 /* FormatterDay.swift */ = {isa = PBXFileReference; lastKnownFileType = sourcecode.swift; path = FormatterDay.swift; sourceTree = "<group>"; };
		CEEF7AE42D6DEEE40047305A /* Tracker.app */ = {isa = PBXFileReference; explicitFileType = wrapper.application; includeInIndex = 0; path = Tracker.app; sourceTree = BUILT_PRODUCTS_DIR; };
		CEEF7AE72D6DEEE40047305A /* AppDelegate.swift */ = {isa = PBXFileReference; lastKnownFileType = sourcecode.swift; path = AppDelegate.swift; sourceTree = "<group>"; };
		CEEF7AE92D6DEEE40047305A /* SceneDelegate.swift */ = {isa = PBXFileReference; lastKnownFileType = sourcecode.swift; path = SceneDelegate.swift; sourceTree = "<group>"; };
		CEEF7AEB2D6DEEE40047305A /* ViewController.swift */ = {isa = PBXFileReference; lastKnownFileType = sourcecode.swift; path = ViewController.swift; sourceTree = "<group>"; };
		CEEF7AF12D6DEEE40047305A /* Tracker.xcdatamodel */ = {isa = PBXFileReference; lastKnownFileType = wrapper.xcdatamodel; path = Tracker.xcdatamodel; sourceTree = "<group>"; };
		CEEF7AF32D6DEEE70047305A /* Assets.xcassets */ = {isa = PBXFileReference; lastKnownFileType = folder.assetcatalog; path = Assets.xcassets; sourceTree = "<group>"; };
		CEEF7AF62D6DEEE70047305A /* Base */ = {isa = PBXFileReference; lastKnownFileType = file.storyboard; name = Base; path = Base.lproj/LaunchScreen.storyboard; sourceTree = "<group>"; };
		CEEF7AF82D6DEEE70047305A /* Info.plist */ = {isa = PBXFileReference; lastKnownFileType = text.plist.xml; path = Info.plist; sourceTree = "<group>"; };
		CEEF7AFD2D6DEEE80047305A /* TrackerTests.xctest */ = {isa = PBXFileReference; explicitFileType = wrapper.cfbundle; includeInIndex = 0; path = TrackerTests.xctest; sourceTree = BUILT_PRODUCTS_DIR; };
		CEEF7B012D6DEEE80047305A /* TrackerTests.swift */ = {isa = PBXFileReference; lastKnownFileType = sourcecode.swift; path = TrackerTests.swift; sourceTree = "<group>"; };
		CEEF7B072D6DEEE80047305A /* TrackerUITests.xctest */ = {isa = PBXFileReference; explicitFileType = wrapper.cfbundle; includeInIndex = 0; path = TrackerUITests.xctest; sourceTree = BUILT_PRODUCTS_DIR; };
		CEEF7B0B2D6DEEE80047305A /* TrackerUITests.swift */ = {isa = PBXFileReference; lastKnownFileType = sourcecode.swift; path = TrackerUITests.swift; sourceTree = "<group>"; };
		CEEF7B0D2D6DEEE80047305A /* TrackerUITestsLaunchTests.swift */ = {isa = PBXFileReference; lastKnownFileType = sourcecode.swift; path = TrackerUITestsLaunchTests.swift; sourceTree = "<group>"; };
		CEEF7B1A2D6E3DB50047305A /* TabBarController.swift */ = {isa = PBXFileReference; lastKnownFileType = sourcecode.swift; path = TabBarController.swift; sourceTree = "<group>"; };
		CEEF7B1C2D6E3E570047305A /* TrackerViewController.swift */ = {isa = PBXFileReference; lastKnownFileType = sourcecode.swift; path = TrackerViewController.swift; sourceTree = "<group>"; };
		CEEF7B1E2D6E3E870047305A /* StatisticsViewController.swift */ = {isa = PBXFileReference; lastKnownFileType = sourcecode.swift; path = StatisticsViewController.swift; sourceTree = "<group>"; };
		CEEF7B6B2D71CFD00047305A /* Tracker.swift */ = {isa = PBXFileReference; lastKnownFileType = sourcecode.swift; path = Tracker.swift; sourceTree = "<group>"; };
		CEEF7B6D2D71D7CF0047305A /* WeekDay.swift */ = {isa = PBXFileReference; lastKnownFileType = sourcecode.swift; path = WeekDay.swift; sourceTree = "<group>"; };
		CEEF7B6F2D71DE020047305A /* TrackerCategory.swift */ = {isa = PBXFileReference; lastKnownFileType = sourcecode.swift; path = TrackerCategory.swift; sourceTree = "<group>"; };
		CEEF7B712D71DE450047305A /* TrackerRecord.swift */ = {isa = PBXFileReference; lastKnownFileType = sourcecode.swift; path = TrackerRecord.swift; sourceTree = "<group>"; };
		CEEF7B732D7875D30047305A /* NewTrackerTypeViewController.swift */ = {isa = PBXFileReference; lastKnownFileType = sourcecode.swift; path = NewTrackerTypeViewController.swift; sourceTree = "<group>"; };
		CEEF7B752D7884FD0047305A /* HabitCreatingViewController.swift */ = {isa = PBXFileReference; lastKnownFileType = sourcecode.swift; path = HabitCreatingViewController.swift; sourceTree = "<group>"; };
/* End PBXFileReference section */

/* Begin PBXFrameworksBuildPhase section */
		CEEF7AE12D6DEEE40047305A /* Frameworks */ = {
			isa = PBXFrameworksBuildPhase;
			buildActionMask = 2147483647;
			files = (
			);
			runOnlyForDeploymentPostprocessing = 0;
		};
		CEEF7AFA2D6DEEE80047305A /* Frameworks */ = {
			isa = PBXFrameworksBuildPhase;
			buildActionMask = 2147483647;
			files = (
			);
			runOnlyForDeploymentPostprocessing = 0;
		};
		CEEF7B042D6DEEE80047305A /* Frameworks */ = {
			isa = PBXFrameworksBuildPhase;
			buildActionMask = 2147483647;
			files = (
			);
			runOnlyForDeploymentPostprocessing = 0;
		};
/* End PBXFrameworksBuildPhase section */

/* Begin PBXGroup section */
		CE2E66F52D7B4F0100DF27D7 /* HabitCreating */ = {
			isa = PBXGroup;
			children = (
				CE2E66FB2D7C9A7200DF27D7 /* Models */,
				CEEF7B752D7884FD0047305A /* HabitCreatingViewController.swift */,
				CE2E67032D7CC46200DF27D7 /* HabitCreatingPresenter.swift */,
				CE2E66F82D7B747C00DF27D7 /* TableViewCell.swift */,
				CE2E66F62D7B4F4800DF27D7 /* TextFieldCell.swift */,
			);
			path = HabitCreating;
			sourceTree = "<group>";
		};
		CE2E66FB2D7C9A7200DF27D7 /* Models */ = {
			isa = PBXGroup;
			children = (
				CE2E66FC2D7C9A8900DF27D7 /* Section.swift */,
				CE2E66FE2D7C9AB000DF27D7 /* TrackerType.swift */,
			);
			path = Models;
			sourceTree = "<group>";
		};
		CE2E67002D7CB8FF00DF27D7 /* NewTrackerType */ = {
			isa = PBXGroup;
			children = (
				CEEF7B732D7875D30047305A /* NewTrackerTypeViewController.swift */,
				CE2E67012D7CB93100DF27D7 /* NewTrackerTypePresenter.swift */,
			);
			path = NewTrackerType;
			sourceTree = "<group>";
		};
		CE2E67052D7CC95500DF27D7 /* Schedule */ = {
			isa = PBXGroup;
			children = (
				CE2E67062D7CC99E00DF27D7 /* ScheduleViewController.swift */,
				CE2E67082D7DFCD100DF27D7 /* SchedulePresenter.swift */,
			);
			path = Schedule;
			sourceTree = "<group>";
		};
		CE2E670C2D806D9B00DF27D7 /* Tracker */ = {
			isa = PBXGroup;
			children = (
				CEEF7B1C2D6E3E570047305A /* TrackerViewController.swift */,
				CE2E67132D81E87E00DF27D7 /* TrackerSupplementaryView.swift */,
				CE2E670A2D806D9700DF27D7 /* TrackerPresenter.swift */,
				CE2E670D2D81A5B600DF27D7 /* TrackerCollectionViewCell.swift */,
			);
			path = Tracker;
			sourceTree = "<group>";
		};
		CE2E67102D81C7DB00DF27D7 /* Category */ = {
			isa = PBXGroup;
			children = (
				CE2E67112D81C7F300DF27D7 /* CategoryViewController.swift */,
			);
			path = Category;
			sourceTree = "<group>";
		};
		CEEF7ADB2D6DEEE40047305A = {
			isa = PBXGroup;
			children = (
				CEEF7AE62D6DEEE40047305A /* Tracker */,
				CEEF7B002D6DEEE80047305A /* TrackerTests */,
				CEEF7B0A2D6DEEE80047305A /* TrackerUITests */,
				CEEF7AE52D6DEEE40047305A /* Products */,
			);
			sourceTree = "<group>";
		};
		CEEF7AE52D6DEEE40047305A /* Products */ = {
			isa = PBXGroup;
			children = (
				CEEF7AE42D6DEEE40047305A /* Tracker.app */,
				CEEF7AFD2D6DEEE80047305A /* TrackerTests.xctest */,
				CEEF7B072D6DEEE80047305A /* TrackerUITests.xctest */,
			);
			name = Products;
			sourceTree = "<group>";
		};
		CEEF7AE62D6DEEE40047305A /* Tracker */ = {
			isa = PBXGroup;
			children = (
				CE2E67102D81C7DB00DF27D7 /* Category */,
				CEEF7AF32D6DEEE70047305A /* Assets.xcassets */,
				CEEF7AF52D6DEEE70047305A /* LaunchScreen.storyboard */,
				CEEF7AF82D6DEEE70047305A /* Info.plist */,
				CEEF7AE72D6DEEE40047305A /* AppDelegate.swift */,
				CEEF7AE92D6DEEE40047305A /* SceneDelegate.swift */,
				CEEF7AEB2D6DEEE40047305A /* ViewController.swift */,
				CEEF7B1A2D6E3DB50047305A /* TabBarController.swift */,
				CE2E670C2D806D9B00DF27D7 /* Tracker */,
				CE2E67052D7CC95500DF27D7 /* Schedule */,
				CE2E67002D7CB8FF00DF27D7 /* NewTrackerType */,
				CE2E66F52D7B4F0100DF27D7 /* HabitCreating */,
				CEEF7B1E2D6E3E870047305A /* StatisticsViewController.swift */,
				CEEF7AF02D6DEEE40047305A /* Tracker.xcdatamodeld */,
				CEEF7B6A2D71CEBB0047305A /* Models */,
				CE2E67152D84A34900DF27D7 /* FormatterDay.swift */,
			);
			path = Tracker;
			sourceTree = "<group>";
		};
		CEEF7B002D6DEEE80047305A /* TrackerTests */ = {
			isa = PBXGroup;
			children = (
				CEEF7B012D6DEEE80047305A /* TrackerTests.swift */,
			);
			path = TrackerTests;
			sourceTree = "<group>";
		};
		CEEF7B0A2D6DEEE80047305A /* TrackerUITests */ = {
			isa = PBXGroup;
			children = (
				CEEF7B0B2D6DEEE80047305A /* TrackerUITests.swift */,
				CEEF7B0D2D6DEEE80047305A /* TrackerUITestsLaunchTests.swift */,
			);
			path = TrackerUITests;
			sourceTree = "<group>";
		};
		CEEF7B6A2D71CEBB0047305A /* Models */ = {
			isa = PBXGroup;
			children = (
				CEEF7B6B2D71CFD00047305A /* Tracker.swift */,
				CEEF7B6F2D71DE020047305A /* TrackerCategory.swift */,
				CEEF7B712D71DE450047305A /* TrackerRecord.swift */,
				CEEF7B6D2D71D7CF0047305A /* WeekDay.swift */,
			);
			path = Models;
			sourceTree = "<group>";
		};
/* End PBXGroup section */

/* Begin PBXNativeTarget section */
		CEEF7AE32D6DEEE40047305A /* Tracker */ = {
			isa = PBXNativeTarget;
			buildConfigurationList = CEEF7B112D6DEEE80047305A /* Build configuration list for PBXNativeTarget "Tracker" */;
			buildPhases = (
				CEEF7AE02D6DEEE40047305A /* Sources */,
				CEEF7AE12D6DEEE40047305A /* Frameworks */,
				CEEF7AE22D6DEEE40047305A /* Resources */,
			);
			buildRules = (
			);
			dependencies = (
			);
			name = Tracker;
			productName = Tracker;
			productReference = CEEF7AE42D6DEEE40047305A /* Tracker.app */;
			productType = "com.apple.product-type.application";
		};
		CEEF7AFC2D6DEEE80047305A /* TrackerTests */ = {
			isa = PBXNativeTarget;
			buildConfigurationList = CEEF7B142D6DEEE80047305A /* Build configuration list for PBXNativeTarget "TrackerTests" */;
			buildPhases = (
				CEEF7AF92D6DEEE80047305A /* Sources */,
				CEEF7AFA2D6DEEE80047305A /* Frameworks */,
				CEEF7AFB2D6DEEE80047305A /* Resources */,
			);
			buildRules = (
			);
			dependencies = (
				CEEF7AFF2D6DEEE80047305A /* PBXTargetDependency */,
			);
			name = TrackerTests;
			productName = TrackerTests;
			productReference = CEEF7AFD2D6DEEE80047305A /* TrackerTests.xctest */;
			productType = "com.apple.product-type.bundle.unit-test";
		};
		CEEF7B062D6DEEE80047305A /* TrackerUITests */ = {
			isa = PBXNativeTarget;
			buildConfigurationList = CEEF7B172D6DEEE80047305A /* Build configuration list for PBXNativeTarget "TrackerUITests" */;
			buildPhases = (
				CEEF7B032D6DEEE80047305A /* Sources */,
				CEEF7B042D6DEEE80047305A /* Frameworks */,
				CEEF7B052D6DEEE80047305A /* Resources */,
			);
			buildRules = (
			);
			dependencies = (
				CEEF7B092D6DEEE80047305A /* PBXTargetDependency */,
			);
			name = TrackerUITests;
			productName = TrackerUITests;
			productReference = CEEF7B072D6DEEE80047305A /* TrackerUITests.xctest */;
			productType = "com.apple.product-type.bundle.ui-testing";
		};
/* End PBXNativeTarget section */

/* Begin PBXProject section */
		CEEF7ADC2D6DEEE40047305A /* Project object */ = {
			isa = PBXProject;
			attributes = {
				BuildIndependentTargetsInParallel = 1;
				LastSwiftUpdateCheck = 1540;
				LastUpgradeCheck = 1540;
				TargetAttributes = {
					CEEF7AE32D6DEEE40047305A = {
						CreatedOnToolsVersion = 15.4;
					};
					CEEF7AFC2D6DEEE80047305A = {
						CreatedOnToolsVersion = 15.4;
						TestTargetID = CEEF7AE32D6DEEE40047305A;
					};
					CEEF7B062D6DEEE80047305A = {
						CreatedOnToolsVersion = 15.4;
						TestTargetID = CEEF7AE32D6DEEE40047305A;
					};
				};
			};
			buildConfigurationList = CEEF7ADF2D6DEEE40047305A /* Build configuration list for PBXProject "Tracker" */;
			compatibilityVersion = "Xcode 14.0";
			developmentRegion = en;
			hasScannedForEncodings = 0;
			knownRegions = (
				en,
				Base,
			);
			mainGroup = CEEF7ADB2D6DEEE40047305A;
			productRefGroup = CEEF7AE52D6DEEE40047305A /* Products */;
			projectDirPath = "";
			projectRoot = "";
			targets = (
				CEEF7AE32D6DEEE40047305A /* Tracker */,
				CEEF7AFC2D6DEEE80047305A /* TrackerTests */,
				CEEF7B062D6DEEE80047305A /* TrackerUITests */,
			);
		};
/* End PBXProject section */

/* Begin PBXResourcesBuildPhase section */
		CEEF7AE22D6DEEE40047305A /* Resources */ = {
			isa = PBXResourcesBuildPhase;
			buildActionMask = 2147483647;
			files = (
				CEEF7AF42D6DEEE70047305A /* Assets.xcassets in Resources */,
				CEEF7AF72D6DEEE70047305A /* Base in Resources */,
			);
			runOnlyForDeploymentPostprocessing = 0;
		};
		CEEF7AFB2D6DEEE80047305A /* Resources */ = {
			isa = PBXResourcesBuildPhase;
			buildActionMask = 2147483647;
			files = (
			);
			runOnlyForDeploymentPostprocessing = 0;
		};
		CEEF7B052D6DEEE80047305A /* Resources */ = {
			isa = PBXResourcesBuildPhase;
			buildActionMask = 2147483647;
			files = (
			);
			runOnlyForDeploymentPostprocessing = 0;
		};
/* End PBXResourcesBuildPhase section */

/* Begin PBXSourcesBuildPhase section */
		CEEF7AE02D6DEEE40047305A /* Sources */ = {
			isa = PBXSourcesBuildPhase;
			buildActionMask = 2147483647;
			files = (
				CEEF7B6E2D71D7CF0047305A /* WeekDay.swift in Sources */,
				CEEF7B1D2D6E3E570047305A /* TrackerViewController.swift in Sources */,
				CEEF7AF22D6DEEE40047305A /* Tracker.xcdatamodeld in Sources */,
				CE2E670E2D81A5B600DF27D7 /* TrackerCollectionViewCell.swift in Sources */,
				CE2E67122D81C7F300DF27D7 /* CategoryViewController.swift in Sources */,
				CE2E67092D7DFCD100DF27D7 /* SchedulePresenter.swift in Sources */,
				CE2E66FF2D7C9AB000DF27D7 /* TrackerType.swift in Sources */,
				CEEF7B722D71DE450047305A /* TrackerRecord.swift in Sources */,
				CEEF7AEC2D6DEEE40047305A /* ViewController.swift in Sources */,
				CE2E670B2D806D9700DF27D7 /* TrackerPresenter.swift in Sources */,
				CE2E67142D81E87E00DF27D7 /* TrackerSupplementaryView.swift in Sources */,
				CE2E67162D84A34900DF27D7 /* FormatterDay.swift in Sources */,
				CE2E66F72D7B4F4800DF27D7 /* TextFieldCell.swift in Sources */,
				CEEF7B702D71DE020047305A /* TrackerCategory.swift in Sources */,
				CEEF7B762D7884FD0047305A /* HabitCreatingViewController.swift in Sources */,
				CEEF7AE82D6DEEE40047305A /* AppDelegate.swift in Sources */,
				CEEF7B6C2D71CFD00047305A /* Tracker.swift in Sources */,
				CE2E67042D7CC46200DF27D7 /* HabitCreatingPresenter.swift in Sources */,
				CEEF7B1F2D6E3E870047305A /* StatisticsViewController.swift in Sources */,
				CEEF7B1B2D6E3DB50047305A /* TabBarController.swift in Sources */,
				CEEF7B742D7875D30047305A /* NewTrackerTypeViewController.swift in Sources */,
				CE2E67022D7CB93100DF27D7 /* NewTrackerTypePresenter.swift in Sources */,
				CE2E66FD2D7C9A8900DF27D7 /* Section.swift in Sources */,
				CE2E66F92D7B747C00DF27D7 /* TableViewCell.swift in Sources */,
				CEEF7AEA2D6DEEE40047305A /* SceneDelegate.swift in Sources */,
				CE2E67072D7CC99E00DF27D7 /* ScheduleViewController.swift in Sources */,
			);
			runOnlyForDeploymentPostprocessing = 0;
		};
		CEEF7AF92D6DEEE80047305A /* Sources */ = {
			isa = PBXSourcesBuildPhase;
			buildActionMask = 2147483647;
			files = (
				CEEF7B022D6DEEE80047305A /* TrackerTests.swift in Sources */,
			);
			runOnlyForDeploymentPostprocessing = 0;
		};
		CEEF7B032D6DEEE80047305A /* Sources */ = {
			isa = PBXSourcesBuildPhase;
			buildActionMask = 2147483647;
			files = (
				CEEF7B0C2D6DEEE80047305A /* TrackerUITests.swift in Sources */,
				CEEF7B0E2D6DEEE80047305A /* TrackerUITestsLaunchTests.swift in Sources */,
			);
			runOnlyForDeploymentPostprocessing = 0;
		};
/* End PBXSourcesBuildPhase section */

/* Begin PBXTargetDependency section */
		CEEF7AFF2D6DEEE80047305A /* PBXTargetDependency */ = {
			isa = PBXTargetDependency;
			target = CEEF7AE32D6DEEE40047305A /* Tracker */;
			targetProxy = CEEF7AFE2D6DEEE80047305A /* PBXContainerItemProxy */;
		};
		CEEF7B092D6DEEE80047305A /* PBXTargetDependency */ = {
			isa = PBXTargetDependency;
			target = CEEF7AE32D6DEEE40047305A /* Tracker */;
			targetProxy = CEEF7B082D6DEEE80047305A /* PBXContainerItemProxy */;
		};
/* End PBXTargetDependency section */

/* Begin PBXVariantGroup section */
		CEEF7AF52D6DEEE70047305A /* LaunchScreen.storyboard */ = {
			isa = PBXVariantGroup;
			children = (
				CEEF7AF62D6DEEE70047305A /* Base */,
			);
			name = LaunchScreen.storyboard;
			sourceTree = "<group>";
		};
/* End PBXVariantGroup section */

/* Begin XCBuildConfiguration section */
		CEEF7B0F2D6DEEE80047305A /* Debug */ = {
			isa = XCBuildConfiguration;
			buildSettings = {
				ALWAYS_SEARCH_USER_PATHS = NO;
				ASSETCATALOG_COMPILER_GENERATE_SWIFT_ASSET_SYMBOL_EXTENSIONS = YES;
				CLANG_ANALYZER_NONNULL = YES;
				CLANG_ANALYZER_NUMBER_OBJECT_CONVERSION = YES_AGGRESSIVE;
				CLANG_CXX_LANGUAGE_STANDARD = "gnu++20";
				CLANG_ENABLE_MODULES = YES;
				CLANG_ENABLE_OBJC_ARC = YES;
				CLANG_ENABLE_OBJC_WEAK = YES;
				CLANG_WARN_BLOCK_CAPTURE_AUTORELEASING = YES;
				CLANG_WARN_BOOL_CONVERSION = YES;
				CLANG_WARN_COMMA = YES;
				CLANG_WARN_CONSTANT_CONVERSION = YES;
				CLANG_WARN_DEPRECATED_OBJC_IMPLEMENTATIONS = YES;
				CLANG_WARN_DIRECT_OBJC_ISA_USAGE = YES_ERROR;
				CLANG_WARN_DOCUMENTATION_COMMENTS = YES;
				CLANG_WARN_EMPTY_BODY = YES;
				CLANG_WARN_ENUM_CONVERSION = YES;
				CLANG_WARN_INFINITE_RECURSION = YES;
				CLANG_WARN_INT_CONVERSION = YES;
				CLANG_WARN_NON_LITERAL_NULL_CONVERSION = YES;
				CLANG_WARN_OBJC_IMPLICIT_RETAIN_SELF = YES;
				CLANG_WARN_OBJC_LITERAL_CONVERSION = YES;
				CLANG_WARN_OBJC_ROOT_CLASS = YES_ERROR;
				CLANG_WARN_QUOTED_INCLUDE_IN_FRAMEWORK_HEADER = YES;
				CLANG_WARN_RANGE_LOOP_ANALYSIS = YES;
				CLANG_WARN_STRICT_PROTOTYPES = YES;
				CLANG_WARN_SUSPICIOUS_MOVE = YES;
				CLANG_WARN_UNGUARDED_AVAILABILITY = YES_AGGRESSIVE;
				CLANG_WARN_UNREACHABLE_CODE = YES;
				CLANG_WARN__DUPLICATE_METHOD_MATCH = YES;
				COPY_PHASE_STRIP = NO;
				DEBUG_INFORMATION_FORMAT = dwarf;
				ENABLE_STRICT_OBJC_MSGSEND = YES;
				ENABLE_TESTABILITY = YES;
				ENABLE_USER_SCRIPT_SANDBOXING = YES;
				GCC_C_LANGUAGE_STANDARD = gnu17;
				GCC_DYNAMIC_NO_PIC = NO;
				GCC_NO_COMMON_BLOCKS = YES;
				GCC_OPTIMIZATION_LEVEL = 0;
				GCC_PREPROCESSOR_DEFINITIONS = (
					"DEBUG=1",
					"$(inherited)",
				);
				GCC_WARN_64_TO_32_BIT_CONVERSION = YES;
				GCC_WARN_ABOUT_RETURN_TYPE = YES_ERROR;
				GCC_WARN_UNDECLARED_SELECTOR = YES;
				GCC_WARN_UNINITIALIZED_AUTOS = YES_AGGRESSIVE;
				GCC_WARN_UNUSED_FUNCTION = YES;
				GCC_WARN_UNUSED_VARIABLE = YES;
				IPHONEOS_DEPLOYMENT_TARGET = 17.5;
				LOCALIZATION_PREFERS_STRING_CATALOGS = YES;
				MTL_ENABLE_DEBUG_INFO = INCLUDE_SOURCE;
				MTL_FAST_MATH = YES;
				ONLY_ACTIVE_ARCH = YES;
				SDKROOT = iphoneos;
				SWIFT_ACTIVE_COMPILATION_CONDITIONS = "DEBUG $(inherited)";
				SWIFT_OPTIMIZATION_LEVEL = "-Onone";
			};
			name = Debug;
		};
		CEEF7B102D6DEEE80047305A /* Release */ = {
			isa = XCBuildConfiguration;
			buildSettings = {
				ALWAYS_SEARCH_USER_PATHS = NO;
				ASSETCATALOG_COMPILER_GENERATE_SWIFT_ASSET_SYMBOL_EXTENSIONS = YES;
				CLANG_ANALYZER_NONNULL = YES;
				CLANG_ANALYZER_NUMBER_OBJECT_CONVERSION = YES_AGGRESSIVE;
				CLANG_CXX_LANGUAGE_STANDARD = "gnu++20";
				CLANG_ENABLE_MODULES = YES;
				CLANG_ENABLE_OBJC_ARC = YES;
				CLANG_ENABLE_OBJC_WEAK = YES;
				CLANG_WARN_BLOCK_CAPTURE_AUTORELEASING = YES;
				CLANG_WARN_BOOL_CONVERSION = YES;
				CLANG_WARN_COMMA = YES;
				CLANG_WARN_CONSTANT_CONVERSION = YES;
				CLANG_WARN_DEPRECATED_OBJC_IMPLEMENTATIONS = YES;
				CLANG_WARN_DIRECT_OBJC_ISA_USAGE = YES_ERROR;
				CLANG_WARN_DOCUMENTATION_COMMENTS = YES;
				CLANG_WARN_EMPTY_BODY = YES;
				CLANG_WARN_ENUM_CONVERSION = YES;
				CLANG_WARN_INFINITE_RECURSION = YES;
				CLANG_WARN_INT_CONVERSION = YES;
				CLANG_WARN_NON_LITERAL_NULL_CONVERSION = YES;
				CLANG_WARN_OBJC_IMPLICIT_RETAIN_SELF = YES;
				CLANG_WARN_OBJC_LITERAL_CONVERSION = YES;
				CLANG_WARN_OBJC_ROOT_CLASS = YES_ERROR;
				CLANG_WARN_QUOTED_INCLUDE_IN_FRAMEWORK_HEADER = YES;
				CLANG_WARN_RANGE_LOOP_ANALYSIS = YES;
				CLANG_WARN_STRICT_PROTOTYPES = YES;
				CLANG_WARN_SUSPICIOUS_MOVE = YES;
				CLANG_WARN_UNGUARDED_AVAILABILITY = YES_AGGRESSIVE;
				CLANG_WARN_UNREACHABLE_CODE = YES;
				CLANG_WARN__DUPLICATE_METHOD_MATCH = YES;
				COPY_PHASE_STRIP = NO;
				DEBUG_INFORMATION_FORMAT = "dwarf-with-dsym";
				ENABLE_NS_ASSERTIONS = NO;
				ENABLE_STRICT_OBJC_MSGSEND = YES;
				ENABLE_USER_SCRIPT_SANDBOXING = YES;
				GCC_C_LANGUAGE_STANDARD = gnu17;
				GCC_NO_COMMON_BLOCKS = YES;
				GCC_WARN_64_TO_32_BIT_CONVERSION = YES;
				GCC_WARN_ABOUT_RETURN_TYPE = YES_ERROR;
				GCC_WARN_UNDECLARED_SELECTOR = YES;
				GCC_WARN_UNINITIALIZED_AUTOS = YES_AGGRESSIVE;
				GCC_WARN_UNUSED_FUNCTION = YES;
				GCC_WARN_UNUSED_VARIABLE = YES;
				IPHONEOS_DEPLOYMENT_TARGET = 17.5;
				LOCALIZATION_PREFERS_STRING_CATALOGS = YES;
				MTL_ENABLE_DEBUG_INFO = NO;
				MTL_FAST_MATH = YES;
				SDKROOT = iphoneos;
				SWIFT_COMPILATION_MODE = wholemodule;
				VALIDATE_PRODUCT = YES;
			};
			name = Release;
		};
		CEEF7B122D6DEEE80047305A /* Debug */ = {
			isa = XCBuildConfiguration;
			buildSettings = {
				ASSETCATALOG_COMPILER_APPICON_NAME = AppIcon;
				ASSETCATALOG_COMPILER_GLOBAL_ACCENT_COLOR_NAME = AccentColor;
				CODE_SIGN_STYLE = Automatic;
				CURRENT_PROJECT_VERSION = 1;
				DEVELOPMENT_TEAM = M57W9W9YHC;
				GENERATE_INFOPLIST_FILE = YES;
				INFOPLIST_FILE = Tracker/Info.plist;
				INFOPLIST_KEY_UIApplicationSupportsIndirectInputEvents = YES;
				INFOPLIST_KEY_UILaunchStoryboardName = LaunchScreen;
				INFOPLIST_KEY_UISupportedInterfaceOrientations = UIInterfaceOrientationPortrait;
				INFOPLIST_KEY_UISupportedInterfaceOrientations_iPad = "UIInterfaceOrientationLandscapeLeft UIInterfaceOrientationLandscapeRight UIInterfaceOrientationPortrait UIInterfaceOrientationPortraitUpsideDown";
				IPHONEOS_DEPLOYMENT_TARGET = 13.4;
				LD_RUNPATH_SEARCH_PATHS = (
					"$(inherited)",
					"@executable_path/Frameworks",
				);
				MARKETING_VERSION = 1.0;
				PRODUCT_BUNDLE_IDENTIFIER = com.hanush.ulyana.Tracker;
				PRODUCT_NAME = "$(TARGET_NAME)";
				SUPPORTED_PLATFORMS = "iphoneos iphonesimulator";
				SUPPORTS_MACCATALYST = NO;
				SUPPORTS_MAC_DESIGNED_FOR_IPHONE_IPAD = NO;
				SUPPORTS_XR_DESIGNED_FOR_IPHONE_IPAD = NO;
				SWIFT_EMIT_LOC_STRINGS = YES;
				SWIFT_VERSION = 5.0;
				TARGETED_DEVICE_FAMILY = 1;
			};
			name = Debug;
		};
		CEEF7B132D6DEEE80047305A /* Release */ = {
			isa = XCBuildConfiguration;
			buildSettings = {
				ASSETCATALOG_COMPILER_APPICON_NAME = AppIcon;
				ASSETCATALOG_COMPILER_GLOBAL_ACCENT_COLOR_NAME = AccentColor;
				CODE_SIGN_STYLE = Automatic;
				CURRENT_PROJECT_VERSION = 1;
				DEVELOPMENT_TEAM = M57W9W9YHC;
				GENERATE_INFOPLIST_FILE = YES;
				INFOPLIST_FILE = Tracker/Info.plist;
				INFOPLIST_KEY_UIApplicationSupportsIndirectInputEvents = YES;
				INFOPLIST_KEY_UILaunchStoryboardName = LaunchScreen;
				INFOPLIST_KEY_UISupportedInterfaceOrientations = UIInterfaceOrientationPortrait;
				INFOPLIST_KEY_UISupportedInterfaceOrientations_iPad = "UIInterfaceOrientationLandscapeLeft UIInterfaceOrientationLandscapeRight UIInterfaceOrientationPortrait UIInterfaceOrientationPortraitUpsideDown";
				IPHONEOS_DEPLOYMENT_TARGET = 13.4;
				LD_RUNPATH_SEARCH_PATHS = (
					"$(inherited)",
					"@executable_path/Frameworks",
				);
				MARKETING_VERSION = 1.0;
				PRODUCT_BUNDLE_IDENTIFIER = com.hanush.ulyana.Tracker;
				PRODUCT_NAME = "$(TARGET_NAME)";
				SUPPORTED_PLATFORMS = "iphoneos iphonesimulator";
				SUPPORTS_MACCATALYST = NO;
				SUPPORTS_MAC_DESIGNED_FOR_IPHONE_IPAD = NO;
				SUPPORTS_XR_DESIGNED_FOR_IPHONE_IPAD = NO;
				SWIFT_EMIT_LOC_STRINGS = YES;
				SWIFT_VERSION = 5.0;
				TARGETED_DEVICE_FAMILY = 1;
			};
			name = Release;
		};
		CEEF7B152D6DEEE80047305A /* Debug */ = {
			isa = XCBuildConfiguration;
			buildSettings = {
				ALWAYS_EMBED_SWIFT_STANDARD_LIBRARIES = YES;
				BUNDLE_LOADER = "$(TEST_HOST)";
				CODE_SIGN_STYLE = Automatic;
				CURRENT_PROJECT_VERSION = 1;
				DEVELOPMENT_TEAM = M57W9W9YHC;
				GENERATE_INFOPLIST_FILE = YES;
				IPHONEOS_DEPLOYMENT_TARGET = 17.5;
				MARKETING_VERSION = 1.0;
				PRODUCT_BUNDLE_IDENTIFIER = com.hanush.ulyana.TrackerTests;
				PRODUCT_NAME = "$(TARGET_NAME)";
				SWIFT_EMIT_LOC_STRINGS = NO;
				SWIFT_VERSION = 5.0;
				TARGETED_DEVICE_FAMILY = "1,2";
				TEST_HOST = "$(BUILT_PRODUCTS_DIR)/Tracker.app/$(BUNDLE_EXECUTABLE_FOLDER_PATH)/Tracker";
			};
			name = Debug;
		};
		CEEF7B162D6DEEE80047305A /* Release */ = {
			isa = XCBuildConfiguration;
			buildSettings = {
				ALWAYS_EMBED_SWIFT_STANDARD_LIBRARIES = YES;
				BUNDLE_LOADER = "$(TEST_HOST)";
				CODE_SIGN_STYLE = Automatic;
				CURRENT_PROJECT_VERSION = 1;
				DEVELOPMENT_TEAM = M57W9W9YHC;
				GENERATE_INFOPLIST_FILE = YES;
				IPHONEOS_DEPLOYMENT_TARGET = 17.5;
				MARKETING_VERSION = 1.0;
				PRODUCT_BUNDLE_IDENTIFIER = com.hanush.ulyana.TrackerTests;
				PRODUCT_NAME = "$(TARGET_NAME)";
				SWIFT_EMIT_LOC_STRINGS = NO;
				SWIFT_VERSION = 5.0;
				TARGETED_DEVICE_FAMILY = "1,2";
				TEST_HOST = "$(BUILT_PRODUCTS_DIR)/Tracker.app/$(BUNDLE_EXECUTABLE_FOLDER_PATH)/Tracker";
			};
			name = Release;
		};
		CEEF7B182D6DEEE80047305A /* Debug */ = {
			isa = XCBuildConfiguration;
			buildSettings = {
				ALWAYS_EMBED_SWIFT_STANDARD_LIBRARIES = YES;
				CODE_SIGN_STYLE = Automatic;
				CURRENT_PROJECT_VERSION = 1;
				DEVELOPMENT_TEAM = M57W9W9YHC;
				GENERATE_INFOPLIST_FILE = YES;
				MARKETING_VERSION = 1.0;
				PRODUCT_BUNDLE_IDENTIFIER = com.hanush.ulyana.TrackerUITests;
				PRODUCT_NAME = "$(TARGET_NAME)";
				SWIFT_EMIT_LOC_STRINGS = NO;
				SWIFT_VERSION = 5.0;
				TARGETED_DEVICE_FAMILY = "1,2";
				TEST_TARGET_NAME = Tracker;
			};
			name = Debug;
		};
		CEEF7B192D6DEEE80047305A /* Release */ = {
			isa = XCBuildConfiguration;
			buildSettings = {
				ALWAYS_EMBED_SWIFT_STANDARD_LIBRARIES = YES;
				CODE_SIGN_STYLE = Automatic;
				CURRENT_PROJECT_VERSION = 1;
				DEVELOPMENT_TEAM = M57W9W9YHC;
				GENERATE_INFOPLIST_FILE = YES;
				MARKETING_VERSION = 1.0;
				PRODUCT_BUNDLE_IDENTIFIER = com.hanush.ulyana.TrackerUITests;
				PRODUCT_NAME = "$(TARGET_NAME)";
				SWIFT_EMIT_LOC_STRINGS = NO;
				SWIFT_VERSION = 5.0;
				TARGETED_DEVICE_FAMILY = "1,2";
				TEST_TARGET_NAME = Tracker;
			};
			name = Release;
		};
/* End XCBuildConfiguration section */

/* Begin XCConfigurationList section */
		CEEF7ADF2D6DEEE40047305A /* Build configuration list for PBXProject "Tracker" */ = {
			isa = XCConfigurationList;
			buildConfigurations = (
				CEEF7B0F2D6DEEE80047305A /* Debug */,
				CEEF7B102D6DEEE80047305A /* Release */,
			);
			defaultConfigurationIsVisible = 0;
			defaultConfigurationName = Release;
		};
		CEEF7B112D6DEEE80047305A /* Build configuration list for PBXNativeTarget "Tracker" */ = {
			isa = XCConfigurationList;
			buildConfigurations = (
				CEEF7B122D6DEEE80047305A /* Debug */,
				CEEF7B132D6DEEE80047305A /* Release */,
			);
			defaultConfigurationIsVisible = 0;
			defaultConfigurationName = Release;
		};
		CEEF7B142D6DEEE80047305A /* Build configuration list for PBXNativeTarget "TrackerTests" */ = {
			isa = XCConfigurationList;
			buildConfigurations = (
				CEEF7B152D6DEEE80047305A /* Debug */,
				CEEF7B162D6DEEE80047305A /* Release */,
			);
			defaultConfigurationIsVisible = 0;
			defaultConfigurationName = Release;
		};
		CEEF7B172D6DEEE80047305A /* Build configuration list for PBXNativeTarget "TrackerUITests" */ = {
			isa = XCConfigurationList;
			buildConfigurations = (
				CEEF7B182D6DEEE80047305A /* Debug */,
				CEEF7B192D6DEEE80047305A /* Release */,
			);
			defaultConfigurationIsVisible = 0;
			defaultConfigurationName = Release;
		};
/* End XCConfigurationList section */

/* Begin XCVersionGroup section */
		CEEF7AF02D6DEEE40047305A /* Tracker.xcdatamodeld */ = {
			isa = XCVersionGroup;
			children = (
				CEEF7AF12D6DEEE40047305A /* Tracker.xcdatamodel */,
			);
			currentVersion = CEEF7AF12D6DEEE40047305A /* Tracker.xcdatamodel */;
			path = Tracker.xcdatamodeld;
			sourceTree = "<group>";
			versionGroupType = wrapper.xcdatamodel;
		};
/* End XCVersionGroup section */
	};
	rootObject = CEEF7ADC2D6DEEE40047305A /* Project object */;
}
